// !$*UTF8*$!
{
	archiveVersion = 1;
	classes = {
	};
	objectVersion = 55;
	objects = {

/* Begin PBXBuildFile section */
		FC03DF642791D9B600E16FFF /* AppDelegate.swift in Sources */ = {isa = PBXBuildFile; fileRef = FC03DF632791D9B600E16FFF /* AppDelegate.swift */; };
		FC03DF662791D9B600E16FFF /* SceneDelegate.swift in Sources */ = {isa = PBXBuildFile; fileRef = FC03DF652791D9B600E16FFF /* SceneDelegate.swift */; };
		FC03DF682791D9B600E16FFF /* ViewController.swift in Sources */ = {isa = PBXBuildFile; fileRef = FC03DF672791D9B600E16FFF /* ViewController.swift */; };
		FC03DF6B2791D9B600E16FFF /* Main.storyboard in Resources */ = {isa = PBXBuildFile; fileRef = FC03DF692791D9B600E16FFF /* Main.storyboard */; };
		FC03DF6D2791D9B700E16FFF /* Assets.xcassets in Resources */ = {isa = PBXBuildFile; fileRef = FC03DF6C2791D9B700E16FFF /* Assets.xcassets */; };
		FC03DF702791D9B700E16FFF /* LaunchScreen.storyboard in Resources */ = {isa = PBXBuildFile; fileRef = FC03DF6E2791D9B700E16FFF /* LaunchScreen.storyboard */; };
		FC03DF782791D9F600E16FFF /* KeychainHelper.swift in Sources */ = {isa = PBXBuildFile; fileRef = FC03DF772791D9F600E16FFF /* KeychainHelper.swift */; };
		FC03DF7A2791DAEC00E16FFF /* Auth.swift in Sources */ = {isa = PBXBuildFile; fileRef = FC03DF792791DAEC00E16FFF /* Auth.swift */; };
/* End PBXBuildFile section */

/* Begin PBXFileReference section */
		FC03DF602791D9B600E16FFF /* KeychainHelper.app */ = {isa = PBXFileReference; explicitFileType = wrapper.application; includeInIndex = 0; path = KeychainHelper.app; sourceTree = BUILT_PRODUCTS_DIR; };
		FC03DF632791D9B600E16FFF /* AppDelegate.swift */ = {isa = PBXFileReference; lastKnownFileType = sourcecode.swift; path = AppDelegate.swift; sourceTree = "<group>"; };
		FC03DF652791D9B600E16FFF /* SceneDelegate.swift */ = {isa = PBXFileReference; lastKnownFileType = sourcecode.swift; path = SceneDelegate.swift; sourceTree = "<group>"; };
		FC03DF672791D9B600E16FFF /* ViewController.swift */ = {isa = PBXFileReference; lastKnownFileType = sourcecode.swift; path = ViewController.swift; sourceTree = "<group>"; };
		FC03DF6A2791D9B600E16FFF /* Base */ = {isa = PBXFileReference; lastKnownFileType = file.storyboard; name = Base; path = Base.lproj/Main.storyboard; sourceTree = "<group>"; };
		FC03DF6C2791D9B700E16FFF /* Assets.xcassets */ = {isa = PBXFileReference; lastKnownFileType = folder.assetcatalog; path = Assets.xcassets; sourceTree = "<group>"; };
		FC03DF6F2791D9B700E16FFF /* Base */ = {isa = PBXFileReference; lastKnownFileType = file.storyboard; name = Base; path = Base.lproj/LaunchScreen.storyboard; sourceTree = "<group>"; };
		FC03DF712791D9B700E16FFF /* Info.plist */ = {isa = PBXFileReference; lastKnownFileType = text.plist.xml; path = Info.plist; sourceTree = "<group>"; };
		FC03DF772791D9F600E16FFF /* KeychainHelper.swift */ = {isa = PBXFileReference; lastKnownFileType = sourcecode.swift; path = KeychainHelper.swift; sourceTree = "<group>"; };
		FC03DF792791DAEC00E16FFF /* Auth.swift */ = {isa = PBXFileReference; lastKnownFileType = sourcecode.swift; path = Auth.swift; sourceTree = "<group>"; };
/* End PBXFileReference section */

/* Begin PBXFrameworksBuildPhase section */
		FC03DF5D2791D9B600E16FFF /* Frameworks */ = {
			isa = PBXFrameworksBuildPhase;
			buildActionMask = 2147483647;
			files = (
			);
			runOnlyForDeploymentPostprocessing = 0;
		};
/* End PBXFrameworksBuildPhase section */

/* Begin PBXGroup section */
		FC03DF572791D9B600E16FFF = {
			isa = PBXGroup;
			children = (
				FC03DF622791D9B600E16FFF /* KeychainHelper */,
				FC03DF612791D9B600E16FFF /* Products */,
			);
			sourceTree = "<group>";
		};
		FC03DF612791D9B600E16FFF /* Products */ = {
			isa = PBXGroup;
			children = (
				FC03DF602791D9B600E16FFF /* KeychainHelper.app */,
			);
			name = Products;
			sourceTree = "<group>";
		};
		FC03DF622791D9B600E16FFF /* KeychainHelper */ = {
			isa = PBXGroup;
			children = (
				FC03DF632791D9B600E16FFF /* AppDelegate.swift */,
				FC03DF652791D9B600E16FFF /* SceneDelegate.swift */,
				FC03DF672791D9B600E16FFF /* ViewController.swift */,
				FC03DF772791D9F600E16FFF /* KeychainHelper.swift */,
				FC03DF792791DAEC00E16FFF /* Auth.swift */,
				FC03DF692791D9B600E16FFF /* Main.storyboard */,
				FC03DF6C2791D9B700E16FFF /* Assets.xcassets */,
				FC03DF6E2791D9B700E16FFF /* LaunchScreen.storyboard */,
				FC03DF712791D9B700E16FFF /* Info.plist */,
			);
			path = KeychainHelper;
			sourceTree = "<group>";
		};
/* End PBXGroup section */

/* Begin PBXNativeTarget section */
		FC03DF5F2791D9B600E16FFF /* KeychainHelper */ = {
			isa = PBXNativeTarget;
			buildConfigurationList = FC03DF742791D9B700E16FFF /* Build configuration list for PBXNativeTarget "KeychainHelper" */;
			buildPhases = (
				FC03DF5C2791D9B600E16FFF /* Sources */,
				FC03DF5D2791D9B600E16FFF /* Frameworks */,
				FC03DF5E2791D9B600E16FFF /* Resources */,
			);
			buildRules = (
			);
			dependencies = (
			);
			name = KeychainHelper;
			productName = KeychainHelper;
			productReference = FC03DF602791D9B600E16FFF /* KeychainHelper.app */;
			productType = "com.apple.product-type.application";
		};
/* End PBXNativeTarget section */

/* Begin PBXProject section */
		FC03DF582791D9B600E16FFF /* Project object */ = {
			isa = PBXProject;
			attributes = {
				BuildIndependentTargetsInParallel = 1;
				LastSwiftUpdateCheck = 1300;
				LastUpgradeCheck = 1300;
				TargetAttributes = {
					FC03DF5F2791D9B600E16FFF = {
						CreatedOnToolsVersion = 13.0;
					};
				};
			};
			buildConfigurationList = FC03DF5B2791D9B600E16FFF /* Build configuration list for PBXProject "KeychainHelper" */;
			compatibilityVersion = "Xcode 13.0";
			developmentRegion = en;
			hasScannedForEncodings = 0;
			knownRegions = (
				en,
				Base,
			);
			mainGroup = FC03DF572791D9B600E16FFF;
			productRefGroup = FC03DF612791D9B600E16FFF /* Products */;
			projectDirPath = "";
			projectRoot = "";
			targets = (
				FC03DF5F2791D9B600E16FFF /* KeychainHelper */,
			);
		};
/* End PBXProject section */

/* Begin PBXResourcesBuildPhase section */
		FC03DF5E2791D9B600E16FFF /* Resources */ = {
			isa = PBXResourcesBuildPhase;
			buildActionMask = 2147483647;
			files = (
				FC03DF702791D9B700E16FFF /* LaunchScreen.storyboard in Resources */,
				FC03DF6D2791D9B700E16FFF /* Assets.xcassets in Resources */,
				FC03DF6B2791D9B600E16FFF /* Main.storyboard in Resources */,
			);
			runOnlyForDeploymentPostprocessing = 0;
		};
/* End PBXResourcesBuildPhase section */

/* Begin PBXSourcesBuildPhase section */
		FC03DF5C2791D9B600E16FFF /* Sources */ = {
			isa = PBXSourcesBuildPhase;
			buildActionMask = 2147483647;
			files = (
				FC03DF7A2791DAEC00E16FFF /* Auth.swift in Sources */,
				FC03DF682791D9B600E16FFF /* ViewController.swift in Sources */,
				FC03DF642791D9B600E16FFF /* AppDelegate.swift in Sources */,
				FC03DF662791D9B600E16FFF /* SceneDelegate.swift in Sources */,
				FC03DF782791D9F600E16FFF /* KeychainHelper.swift in Sources */,
			);
			runOnlyForDeploymentPostprocessing = 0;
		};
/* End PBXSourcesBuildPhase section */

/* Begin PBXVariantGroup section */
		FC03DF692791D9B600E16FFF /* Main.storyboard */ = {
			isa = PBXVariantGroup;
			children = (
				FC03DF6A2791D9B600E16FFF /* Base */,
			);
			name = Main.storyboard;
			sourceTree = "<group>";
		};
		FC03DF6E2791D9B700E16FFF /* LaunchScreen.storyboard */ = {
			isa = PBXVariantGroup;
			children = (
				FC03DF6F2791D9B700E16FFF /* Base */,
			);
			name = LaunchScreen.storyboard;
			sourceTree = "<group>";
		};
/* End PBXVariantGroup section */

/* Begin XCBuildConfiguration section */
		FC03DF722791D9B700E16FFF /* Debug */ = {
			isa = XCBuildConfiguration;
			buildSettings = {
				ALWAYS_SEARCH_USER_PATHS = NO;
				CLANG_ANALYZER_NONNULL = YES;
				CLANG_ANALYZER_NUMBER_OBJECT_CONVERSION = YES_AGGRESSIVE;
				CLANG_CXX_LANGUAGE_STANDARD = "gnu++17";
				CLANG_CXX_LIBRARY = "libc++";
				CLANG_ENABLE_MODULES = YES;
				CLANG_ENABLE_OBJC_ARC = YES;
				CLANG_ENABLE_OBJC_WEAK = YES;
				CLANG_WARN_BLOCK_CAPTURE_AUTORELEASING = YES;
				CLANG_WARN_BOOL_CONVERSION = YES;
				CLANG_WARN_COMMA = YES;
				CLANG_WARN_CONSTANT_CONVERSION = YES;
				CLANG_WARN_DEPRECATED_OBJC_IMPLEMENTATIONS = YES;
				CLANG_WARN_DIRECT_OBJC_ISA_USAGE = YES_ERROR;
				CLANG_WARN_DOCUMENTATION_COMMENTS = YES;
				CLANG_WARN_EMPTY_BODY = YES;
				CLANG_WARN_ENUM_CONVERSION = YES;
				CLANG_WARN_INFINITE_RECURSION = YES;
				CLANG_WARN_INT_CONVERSION = YES;
				CLANG_WARN_NON_LITERAL_NULL_CONVERSION = YES;
				CLANG_WARN_OBJC_IMPLICIT_RETAIN_SELF = YES;
				CLANG_WARN_OBJC_LITERAL_CONVERSION = YES;
				CLANG_WARN_OBJC_ROOT_CLASS = YES_ERROR;
				CLANG_WARN_QUOTED_INCLUDE_IN_FRAMEWORK_HEADER = YES;
				CLANG_WARN_RANGE_LOOP_ANALYSIS = YES;
				CLANG_WARN_STRICT_PROTOTYPES = YES;
				CLANG_WARN_SUSPICIOUS_MOVE = YES;
				CLANG_WARN_UNGUARDED_AVAILABILITY = YES_AGGRESSIVE;
				CLANG_WARN_UNREACHABLE_CODE = YES;
				CLANG_WARN__DUPLICATE_METHOD_MATCH = YES;
				COPY_PHASE_STRIP = NO;
				DEBUG_INFORMATION_FORMAT = dwarf;
				ENABLE_STRICT_OBJC_MSGSEND = YES;
				ENABLE_TESTABILITY = YES;
				GCC_C_LANGUAGE_STANDARD = gnu11;
				GCC_DYNAMIC_NO_PIC = NO;
				GCC_NO_COMMON_BLOCKS = YES;
				GCC_OPTIMIZATION_LEVEL = 0;
				GCC_PREPROCESSOR_DEFINITIONS = (
					"DEBUG=1",
					"$(inherited)",
				);
				GCC_WARN_64_TO_32_BIT_CONVERSION = YES;
				GCC_WARN_ABOUT_RETURN_TYPE = YES_ERROR;
				GCC_WARN_UNDECLARED_SELECTOR = YES;
				GCC_WARN_UNINITIALIZED_AUTOS = YES_AGGRESSIVE;
				GCC_WARN_UNUSED_FUNCTION = YES;
				GCC_WARN_UNUSED_VARIABLE = YES;
				IPHONEOS_DEPLOYMENT_TARGET = 15.0;
				MTL_ENABLE_DEBUG_INFO = INCLUDE_SOURCE;
				MTL_FAST_MATH = YES;
				ONLY_ACTIVE_ARCH = YES;
				SDKROOT = iphoneos;
				SWIFT_ACTIVE_COMPILATION_CONDITIONS = DEBUG;
				SWIFT_OPTIMIZATION_LEVEL = "-Onone";
			};
			name = Debug;
		};
		FC03DF732791D9B700E16FFF /* Release */ = {
			isa = XCBuildConfiguration;
			buildSettings = {
				ALWAYS_SEARCH_USER_PATHS = NO;
				CLANG_ANALYZER_NONNULL = YES;
				CLANG_ANALYZER_NUMBER_OBJECT_CONVERSION = YES_AGGRESSIVE;
				CLANG_CXX_LANGUAGE_STANDARD = "gnu++17";
				CLANG_CXX_LIBRARY = "libc++";
				CLANG_ENABLE_MODULES = YES;
				CLANG_ENABLE_OBJC_ARC = YES;
				CLANG_ENABLE_OBJC_WEAK = YES;
				CLANG_WARN_BLOCK_CAPTURE_AUTORELEASING = YES;
				CLANG_WARN_BOOL_CONVERSION = YES;
				CLANG_WARN_COMMA = YES;
				CLANG_WARN_CONSTANT_CONVERSION = YES;
				CLANG_WARN_DEPRECATED_OBJC_IMPLEMENTATIONS = YES;
				CLANG_WARN_DIRECT_OBJC_ISA_USAGE = YES_ERROR;
				CLANG_WARN_DOCUMENTATION_COMMENTS = YES;
				CLANG_WARN_EMPTY_BODY = YES;
				CLANG_WARN_ENUM_CONVERSION = YES;
				CLANG_WARN_INFINITE_RECURSION = YES;
				CLANG_WARN_INT_CONVERSION = YES;
				CLANG_WARN_NON_LITERAL_NULL_CONVERSION = YES;
				CLANG_WARN_OBJC_IMPLICIT_RETAIN_SELF = YES;
				CLANG_WARN_OBJC_LITERAL_CONVERSION = YES;
				CLANG_WARN_OBJC_ROOT_CLASS = YES_ERROR;
				CLANG_WARN_QUOTED_INCLUDE_IN_FRAMEWORK_HEADER = YES;
				CLANG_WARN_RANGE_LOOP_ANALYSIS = YES;
				CLANG_WARN_STRICT_PROTOTYPES = YES;
				CLANG_WARN_SUSPICIOUS_MOVE = YES;
				CLANG_WARN_UNGUARDED_AVAILABILITY = YES_AGGRESSIVE;
				CLANG_WARN_UNREACHABLE_CODE = YES;
				CLANG_WARN__DUPLICATE_METHOD_MATCH = YES;
				COPY_PHASE_STRIP = NO;
				DEBUG_INFORMATION_FORMAT = "dwarf-with-dsym";
				ENABLE_NS_ASSERTIONS = NO;
				ENABLE_STRICT_OBJC_MSGSEND = YES;
				GCC_C_LANGUAGE_STANDARD = gnu11;
				GCC_NO_COMMON_BLOCKS = YES;
				GCC_WARN_64_TO_32_BIT_CONVERSION = YES;
				GCC_WARN_ABOUT_RETURN_TYPE = YES_ERROR;
				GCC_WARN_UNDECLARED_SELECTOR = YES;
				GCC_WARN_UNINITIALIZED_AUTOS = YES_AGGRESSIVE;
				GCC_WARN_UNUSED_FUNCTION = YES;
				GCC_WARN_UNUSED_VARIABLE = YES;
				IPHONEOS_DEPLOYMENT_TARGET = 15.0;
				MTL_ENABLE_DEBUG_INFO = NO;
				MTL_FAST_MATH = YES;
				SDKROOT = iphoneos;
				SWIFT_COMPILATION_MODE = wholemodule;
				SWIFT_OPTIMIZATION_LEVEL = "-O";
				VALIDATE_PRODUCT = YES;
			};
			name = Release;
		};
		FC03DF752791D9B700E16FFF /* Debug */ = {
			isa = XCBuildConfiguration;
			buildSettings = {
				ASSETCATALOG_COMPILER_APPICON_NAME = AppIcon;
				ASSETCATALOG_COMPILER_GLOBAL_ACCENT_COLOR_NAME = AccentColor;
				CODE_SIGN_STYLE = Automatic;
				CURRENT_PROJECT_VERSION = 1;
				DEVELOPMENT_TEAM = 7CZ8CAJJXF;
				GENERATE_INFOPLIST_FILE = YES;
				INFOPLIST_FILE = KeychainHelper/Info.plist;
				INFOPLIST_KEY_UIApplicationSupportsIndirectInputEvents = YES;
				INFOPLIST_KEY_UILaunchStoryboardName = LaunchScreen;
				INFOPLIST_KEY_UIMainStoryboardFile = Main;
				INFOPLIST_KEY_UISupportedInterfaceOrientations_iPad = "UIInterfaceOrientationPortrait UIInterfaceOrientationPortraitUpsideDown UIInterfaceOrientationLandscapeLeft UIInterfaceOrientationLandscapeRight";
				INFOPLIST_KEY_UISupportedInterfaceOrientations_iPhone = "UIInterfaceOrientationPortrait UIInterfaceOrientationLandscapeLeft UIInterfaceOrientationLandscapeRight";
				LD_RUNPATH_SEARCH_PATHS = (
					"$(inherited)",
					"@executable_path/Frameworks",
				);
				MARKETING_VERSION = 1.0;
				PRODUCT_BUNDLE_IDENTIFIER = com.atilsamancioglu.KeychainHelper;
				PRODUCT_NAME = "$(TARGET_NAME)";
				SWIFT_EMIT_LOC_STRINGS = YES;
				SWIFT_VERSION = 5.0;
				TARGETED_DEVICE_FAMILY = "1,2";
			};
			name = Debug;
		};
		FC03DF762791D9B700E16FFF /* Release */ = {
			isa = XCBuildConfiguration;
			buildSettings = {
				ASSETCATALOG_COMPILER_APPICON_NAME = AppIcon;
				ASSETCATALOG_COMPILER_GLOBAL_ACCENT_COLOR_NAME = AccentColor;
				CODE_SIGN_STYLE = Automatic;
				CURRENT_PROJECT_VERSION = 1;
				DEVELOPMENT_TEAM = 7CZ8CAJJXF;
				GENERATE_INFOPLIST_FILE = YES;
				INFOPLIST_FILE = KeychainHelper/Info.plist;
				INFOPLIST_KEY_UIApplicationSupportsIndirectInputEvents = YES;
				INFOPLIST_KEY_UILaunchStoryboardName = LaunchScreen;
				INFOPLIST_KEY_UIMainStoryboardFile = Main;
				INFOPLIST_KEY_UISupportedInterfaceOrientations_iPad = "UIInterfaceOrientationPortrait UIInterfaceOrientationPortraitUpsideDown UIInterfaceOrientationLandscapeLeft UIInterfaceOrientationLandscapeRight";
				INFOPLIST_KEY_UISupportedInterfaceOrientations_iPhone = "UIInterfaceOrientationPortrait UIInterfaceOrientationLandscapeLeft UIInterfaceOrientationLandscapeRight";
				LD_RUNPATH_SEARCH_PATHS = (
					"$(inherited)",
					"@executable_path/Frameworks",
				);
				MARKETING_VERSION = 1.0;
				PRODUCT_BUNDLE_IDENTIFIER = com.atilsamancioglu.KeychainHelper;
				PRODUCT_NAME = "$(TARGET_NAME)";
				SWIFT_EMIT_LOC_STRINGS = YES;
				SWIFT_VERSION = 5.0;
				TARGETED_DEVICE_FAMILY = "1,2";
			};
			name = Release;
		};
/* End XCBuildConfiguration section */

/* Begin XCConfigurationList section */
		FC03DF5B2791D9B600E16FFF /* Build configuration list for PBXProject "KeychainHelper" */ = {
			isa = XCConfigurationList;
			buildConfigurations = (
				FC03DF722791D9B700E16FFF /* Debug */,
				FC03DF732791D9B700E16FFF /* Release */,
			);
			defaultConfigurationIsVisible = 0;
			defaultConfigurationName = Release;
		};
		FC03DF742791D9B700E16FFF /* Build configuration list for PBXNativeTarget "KeychainHelper" */ = {
			isa = XCConfigurationList;
			buildConfigurations = (
				FC03DF752791D9B700E16FFF /* Debug */,
				FC03DF762791D9B700E16FFF /* Release */,
			);
			defaultConfigurationIsVisible = 0;
			defaultConfigurationName = Release;
		};
/* End XCConfigurationList section */
	};
	rootObject = FC03DF582791D9B600E16FFF /* Project object */;
}
